{
  "name": "postgresql-catalog-client-compatibility",
  "lockfileVersion": 3,
  "requires": true,
  "packages": {
    "": {
      "name": "postgresql-catalog-client-compatibility",
      "dependencies": {
        "@code-moniker/client": "0.13.0"
      }
    },
    "node_modules/@code-moniker/cli-darwin-arm64": {
      "version": "0.13.0",
      "resolved": "https://registry.npmjs.org/@code-moniker/cli-darwin-arm64/-/cli-darwin-arm64-0.13.0.tgz",
      "integrity": "sha512-a1/uZE3+oLp0ZboiLU/01c8xZ8ioGqojk+MELDtUuMQrsYeLIPkV8Y1g2VQCxP+YTyLiAEUA5/YoawPn6DNk5w==",
      "cpu": [
        "arm64"
      ],
      "license": "MIT",
      "optional": true,
      "os": [
        "darwin"
      ]
    },
    "node_modules/@code-moniker/cli-darwin-x64": {
      "version": "0.13.0",
      "resolved": "https://registry.npmjs.org/@code-moniker/cli-darwin-x64/-/cli-darwin-x64-0.13.0.tgz",
      "integrity": "sha512-ezzf9tnDAZLEXXEgoFY7zFlOg45n/srdCHu+RQzYyOJZfUG58mUBILsdRJCryQ+1mZVgpPkhh3uGGh3PhWCwtQ==",
      "cpu": [
        "x64"
      ],
      "license": "MIT",
      "optional": true,
      "os": [
        "darwin"
      ]
    },
    "node_modules/@code-moniker/cli-linux-x64": {
      "version": "0.13.0",
      "resolved": "https://registry.npmjs.org/@code-moniker/cli-linux-x64/-/cli-linux-x64-0.13.0.tgz",
      "integrity": "sha512-RGg0I7GNTx6TFjDMqBTzc5e77SpWE7ckbAkkJTKIA5sF7ejffz6mOli17S8ixJh+OwSdAgn4kLsKaBnOlvR6yQ==",
      "cpu": [
        "x64"
      ],
      "license": "MIT",
      "optional": true,
      "os": [
        "linux"
      ]
    },
    "node_modules/@code-moniker/cli-win32-x64": {
      "version": "0.13.0",
      "resolved": "https://registry.npmjs.org/@code-moniker/cli-win32-x64/-/cli-win32-x64-0.13.0.tgz",
      "integrity": "sha512-clk7XZymXvLZODbMjJJ0zwG9k+qRFAWdwbpNwFFKih9bi1GysPaZvBd0H9CAQcrfYlfU7cQ4wNOQoeOzsC4A6A==",
      "cpu": [
        "x64"
      ],
      "license": "MIT",
      "optional": true,
      "os": [
        "win32"
      ]
    },
    "node_modules/@code-moniker/client": {
      "version": "0.13.0",
      "resolved": "https://registry.npmjs.org/@code-moniker/client/-/client-0.13.0.tgz",
      "integrity": "sha512-xXpUh4Ooy4iUAerV/9pvItjzMdSiB9wu4CayIgd4lwvoXkIEFCON+MdPltFL4q+8EqrRFqSJHgHEH/ClQclmCQ==",
      "license": "MIT",
      "dependencies": {
        "ws": "^8.18.0"
      },
      "optionalDependencies": {
        "@code-moniker/cli-darwin-arm64": "0.13.0",
        "@code-moniker/cli-darwin-x64": "0.13.0",
        "@code-moniker/cli-linux-x64": "0.13.0",
        "@code-moniker/cli-win32-x64": "0.13.0"
      }
    },
    "node_modules/ws": {
      "version": "8.22.0",
      "resolved": "https://registry.npmjs.org/ws/-/ws-8.22.0.tgz",
      "integrity": "sha512-Ydggc987+RO0AnWtZ/7Wq9FtNvcrL1b/RO0ud9mWjUPgDrsAAwQSF51sm2hm1XofbU/4jkpGEsLFsZZxU+1DOg==",
      "license": "MIT",
      "engines": {
        "node": ">=10.0.0"
      },
      "peerDependencies": {
        "bufferutil": "^4.0.1",
        "utf-8-validate": ">=5.0.2"
      },
      "peerDependenciesMeta": {
        "bufferutil": {
          "optional": true
        },
        "utf-8-validate": {
          "optional": true
        }
      }
    }
  }
}
